<?xml version="1.0" encoding="utf-8"?>
<Project ToolsVersion="4.0" xmlns="http://schemas.microsoft.com/developer/msbuild/2003">
  <ItemGroup>
    <ClCompile Include="Camera.cpp" />
    <ClCompile Include="main.cpp" />
    <ClCompile Include="Scene.cpp" />
    <ClCompile Include="OwnMath.cpp">
      <Filter>Base</Filter>
    </ClCompile>
    <ClCompile Include="Float3D.cpp">
      <Filter>Base</Filter>
    </ClCompile>
    <ClCompile Include="PixMap.cpp">
      <Filter>Base</Filter>
    </ClCompile>
    <ClCompile Include="Simulator.cpp">
      <Filter>Display</Filter>
    </ClCompile>
  </ItemGroup>
  <ItemGroup>
    <ClInclude Include="Camera.h" />
    <ClInclude Include="Scene.h" />
    <ClInclude Include="Color.h">
      <Filter>Base</Filter>
    </ClInclude>
    <ClInclude Include="OwnMath.h">
      <Filter>Base</Filter>
    </ClInclude>
    <ClInclude Include="Display.h">
      <Filter>Display</Filter>
    </ClInclude>
    <ClInclude Include="Float3D.h">
      <Filter>Base</Filter>
    </ClInclude>
    <ClInclude Include="Fragment.h">
      <Filter>Primitives</Filter>
    </ClInclude>
    <ClInclude Include="Sphere.h">
      <Filter>Primitives</Filter>
    </ClInclude>
    <ClInclude Include="Primitive.h">
      <Filter>Primitives</Filter>
    </ClInclude>
    <ClInclude Include="PixMap.h">
      <Filter>Base</Filter>
    </ClInclude>
    <ClInclude Include="Simulator.h">
      <Filter>Display</Filter>
    </ClInclude>
  </ItemGroup>
  <ItemGroup>
    <Filter Include="Display">
      <UniqueIdentifier>{aaa18fc3-a746-4f2f-aede-5af99c1cbdb2}</UniqueIdentifier>
    </Filter>
    <Filter Include="Base">
      <UniqueIdentifier>{421d0a82-fb65-4c72-a1b1-beda67d85f1b}</UniqueIdentifier>
    </Filter>
    <Filter Include="Primitives">
      <UniqueIdentifier>{29f33bc5-bf70-4c7c-b370-c66eea6b0489}</UniqueIdentifier>
    </Filter>
  </ItemGroup>
  <ItemGroup>
    <QtMoc Include="ThreadedPainter.h">
      <Filter>Display</Filter>
    </QtMoc>
  </ItemGroup>
</Project>